
Microsoft Visual Studio Solution File, Format Version 12.00
# Visual Studio Version 17
VisualStudioVersion = 17.3.32922.545
MinimumVisualStudioVersion = 10.0.40219.1
Project("{FAE04EC0-301F-11D3-BF4B-00C04F79EFBC}") = "RestSharp", "RestSharp\RestSharp.csproj", "{3C204E88-4B24-49CC-82B6-5A057DEE95F8}"
EndProject
Global
	GlobalSection(SolutionConfigurationPlatforms) = preSolution
		Debug|Any CPU = Debug|Any CPU
		Release|Any CPU = Release|Any CPU
	EndGlobalSection
	GlobalSection(ProjectConfigurationPlatforms) = postSolution
		{3C204E88-4B24-49CC-82B6-5A057DEE95F8}.Debug|Any CPU.ActiveCfg = Debug|Any CPU
		{3C204E88-4B24-49CC-82B6-5A057DEE95F8}.Debug|Any CPU.Build.0 = Debug|Any CPU
		{3C204E88-4B24-49CC-82B6-5A057DEE95F8}.Release|Any CPU.ActiveCfg = Release|Any CPU
		{3C204E88-4B24-49CC-82B6-5A057DEE95F8}.Release|Any CPU.Build.0 = Release|Any CPU
	EndGlobalSection
	GlobalSection(SolutionProperties) = preSolution
		HideSolutionNode = FALSE
	EndGlobalSection
	GlobalSection(ExtensibilityGlobals) = postSolution
		SolutionGuid = {FE647665-E753-4036-B9AF-1BDBE384BA2D}
	EndGlobalSection
EndGlobal
